
Microsoft Visual Studio Solution File, Format Version 12.00
# Visual Studio Version 17
VisualStudioVersion = 17.0.32112.339
MinimumVisualStudioVersion = 10.0.40219.1
Project("{9A19103F-16F7-4668-BE54-9A1E7A4F7556}") = "AoC2022Day13", "2022\AoC2022Day13\AoC2022Day13.csproj", "{CC722486-E162-4589-9AE0-BA3771B7EB80}"
EndProject
Project("{2150E333-8FDC-42A3-9474-1A3956D46DE8}") = "2022", "2022", "{B99DBA8A-4643-41E9-B118-3FFED512EABD}"
EndProject
Project("{2150E333-8FDC-42A3-9474-1A3956D46DE8}") = "Day13", "2022\Day13", "{7EA28D1A-EDBA-4023-8F56-5F9205ADD5FF}"
EndProject
Project("{2150E333-8FDC-42A3-9474-1A3956D46DE8}") = "Day14", "2022\Day14", "{0F550A87-5485-47A1-B3F4-AD5A5C43800D}"
EndProject
Project("{9A19103F-16F7-4668-BE54-9A1E7A4F7556}") = "AoC2022Day14", "2022\AoC2022Day14\AoC2022Day14.csproj", "{44284D73-E778-4A8D-B3CB-0D2A84CE6C58}"
EndProject
Project("{2150E333-8FDC-42A3-9474-1A3956D46DE8}") = "Day15", "2022\Day15", "{7F4CAEEE-139C-4CCE-826D-F48BEDFC84CA}"
EndProject
Project("{2150E333-8FDC-42A3-9474-1A3956D46DE8}") = "Day16", "2022\Day16", "{CC86E3CE-B7B2-465B-9503-F3D22C0FCC0A}"
EndProject
Project("{2150E333-8FDC-42A3-9474-1A3956D46DE8}") = "Day17", "2022\Day17", "{DB62D5CE-7278-4C0A-9899-752CF1463312}"
EndProject
Project("{2150E333-8FDC-42A3-9474-1A3956D46DE8}") = "Day18", "2022\Day18", "{1417E6D4-E3D7-4359-A455-61F15750D2F9}"
EndProject
Project("{2150E333-8FDC-42A3-9474-1A3956D46DE8}") = "Day19", "2022\Day19", "{C2520A7C-BD01-40D9-9BBC-22D15FE56277}"
EndProject
Project("{2150E333-8FDC-42A3-9474-1A3956D46DE8}") = "Day20", "2022\Day20", "{7E43B529-D4E7-4611-AC5D-F1855A01C809}"
EndProject
Project("{2150E333-8FDC-42A3-9474-1A3956D46DE8}") = "Day21", "2022\Day21", "{32FA27B2-79A0-4F4D-99EB-06270B9C83FD}"
EndProject
Project("{2150E333-8FDC-42A3-9474-1A3956D46DE8}") = "Day22", "2022\Day22", "{2DCBA0B9-6900-4938-A5B3-42FCA4B0B736}"
EndProject
Project("{2150E333-8FDC-42A3-9474-1A3956D46DE8}") = "Day23", "2022\Day23", "{A9DCA9C5-6344-4A59-8534-F919E329A5D1}"
EndProject
Project("{2150E333-8FDC-42A3-9474-1A3956D46DE8}") = "Day24", "2022\Day24", "{FBEEE458-1C75-455E-97D3-3D2C2895669F}"
EndProject
Project("{2150E333-8FDC-42A3-9474-1A3956D46DE8}") = "Day25", "2022\Day25", "{6DD5B9D5-9264-414D-B90E-740FB41ABC4E}"
EndProject
Project("{FAE04EC0-301F-11D3-BF4B-00C04F79EFBC}") = "AoC2022Day15", "2022\AoC2022Day15\AoC2022Day15.csproj", "{93881F72-F75F-4A83-B1E5-3AE586FF2D0C}"
EndProject
Project("{FAE04EC0-301F-11D3-BF4B-00C04F79EFBC}") = "AoC2022Day16", "2022\AoC2022Day16\AoC2022Day16.csproj", "{1B03C548-44A4-4C3E-961E-920B9B978A20}"
EndProject
Project("{FAE04EC0-301F-11D3-BF4B-00C04F79EFBC}") = "AoC2022Day17", "2022\AoC2022Day17\AoC2022Day17.csproj", "{EB759F9D-E276-4D14-820E-03F33B0601DB}"
EndProject
Project("{FAE04EC0-301F-11D3-BF4B-00C04F79EFBC}") = "AoC2022Day18", "2022\AoC2022Day18\AoC2022Day18.csproj", "{A17AE457-A3EB-4162-A259-144EA631C254}"
EndProject
Project("{FAE04EC0-301F-11D3-BF4B-00C04F79EFBC}") = "AoC2022Day19", "2022\AoC2022Day19\AoC2022Day19.csproj", "{2A71A97A-D7C7-4FE3-B13B-FAEF8A53ADB9}"
EndProject
Project("{FAE04EC0-301F-11D3-BF4B-00C04F79EFBC}") = "AoC2022Day20", "2022\AoC2022Day20\AoC2022Day20.csproj", "{672F4E60-7092-4BA5-ADA5-DBF8F0946AB1}"
EndProject
Project("{FAE04EC0-301F-11D3-BF4B-00C04F79EFBC}") = "AoC2022Day21", "2022\AoC2022Day21\AoC2022Day21.csproj", "{4C9262C3-F9D5-494B-8D9A-75DE29151906}"
EndProject
Project("{FAE04EC0-301F-11D3-BF4B-00C04F79EFBC}") = "AoC2022Day22", "2022\AoC2022Day22\AoC2022Day22.csproj", "{EC552755-A3C8-4402-9039-53E09DC9AE6B}"
EndProject
Project("{FAE04EC0-301F-11D3-BF4B-00C04F79EFBC}") = "AoC2022Day23", "2022\AoC2022Day23\AoC2022Day23.csproj", "{F624BA52-39E4-4CBD-A2AA-9E732F48CE7C}"
EndProject
Project("{FAE04EC0-301F-11D3-BF4B-00C04F79EFBC}") = "AoC2022Day24", "2022\AoC2022Day24\AoC2022Day24.csproj", "{68A13745-ADCE-457D-B56E-B680F7BA2418}"
EndProject
Project("{FAE04EC0-301F-11D3-BF4B-00C04F79EFBC}") = "AoC2022Day25", "2022\AoC2022Day25\AoC2022Day25.csproj", "{5D3B5FCD-2E3A-49D3-A6EF-029673C778C0}"
EndProject
Global
	GlobalSection(SolutionConfigurationPlatforms) = preSolution
		Debug|Any CPU = Debug|Any CPU
		Release|Any CPU = Release|Any CPU
	EndGlobalSection
	GlobalSection(ProjectConfigurationPlatforms) = postSolution
		{CC722486-E162-4589-9AE0-BA3771B7EB80}.Debug|Any CPU.ActiveCfg = Debug|Any CPU
		{CC722486-E162-4589-9AE0-BA3771B7EB80}.Debug|Any CPU.Build.0 = Debug|Any CPU
		{CC722486-E162-4589-9AE0-BA3771B7EB80}.Release|Any CPU.ActiveCfg = Release|Any CPU
		{CC722486-E162-4589-9AE0-BA3771B7EB80}.Release|Any CPU.Build.0 = Release|Any CPU
		{44284D73-E778-4A8D-B3CB-0D2A84CE6C58}.Debug|Any CPU.ActiveCfg = Debug|Any CPU
		{44284D73-E778-4A8D-B3CB-0D2A84CE6C58}.Debug|Any CPU.Build.0 = Debug|Any CPU
		{44284D73-E778-4A8D-B3CB-0D2A84CE6C58}.Release|Any CPU.ActiveCfg = Release|Any CPU
		{44284D73-E778-4A8D-B3CB-0D2A84CE6C58}.Release|Any CPU.Build.0 = Release|Any CPU
		{93881F72-F75F-4A83-B1E5-3AE586FF2D0C}.Debug|Any CPU.ActiveCfg = Debug|Any CPU
		{93881F72-F75F-4A83-B1E5-3AE586FF2D0C}.Debug|Any CPU.Build.0 = Debug|Any CPU
		{93881F72-F75F-4A83-B1E5-3AE586FF2D0C}.Release|Any CPU.ActiveCfg = Release|Any CPU
		{93881F72-F75F-4A83-B1E5-3AE586FF2D0C}.Release|Any CPU.Build.0 = Release|Any CPU
		{1B03C548-44A4-4C3E-961E-920B9B978A20}.Debug|Any CPU.ActiveCfg = Debug|Any CPU
		{1B03C548-44A4-4C3E-961E-920B9B978A20}.Debug|Any CPU.Build.0 = Debug|Any CPU
		{1B03C548-44A4-4C3E-961E-920B9B978A20}.Release|Any CPU.ActiveCfg = Release|Any CPU
		{1B03C548-44A4-4C3E-961E-920B9B978A20}.Release|Any CPU.Build.0 = Release|Any CPU
		{EB759F9D-E276-4D14-820E-03F33B0601DB}.Debug|Any CPU.ActiveCfg = Debug|Any CPU
		{EB759F9D-E276-4D14-820E-03F33B0601DB}.Debug|Any CPU.Build.0 = Debug|Any CPU
		{EB759F9D-E276-4D14-820E-03F33B0601DB}.Release|Any CPU.ActiveCfg = Release|Any CPU
		{EB759F9D-E276-4D14-820E-03F33B0601DB}.Release|Any CPU.Build.0 = Release|Any CPU
		{A17AE457-A3EB-4162-A259-144EA631C254}.Debug|Any CPU.ActiveCfg = Debug|Any CPU
		{A17AE457-A3EB-4162-A259-144EA631C254}.Debug|Any CPU.Build.0 = Debug|Any CPU
		{A17AE457-A3EB-4162-A259-144EA631C254}.Release|Any CPU.ActiveCfg = Release|Any CPU
		{A17AE457-A3EB-4162-A259-144EA631C254}.Release|Any CPU.Build.0 = Release|Any CPU
		{2A71A97A-D7C7-4FE3-B13B-FAEF8A53ADB9}.Debug|Any CPU.ActiveCfg = Debug|Any CPU
		{2A71A97A-D7C7-4FE3-B13B-FAEF8A53ADB9}.Debug|Any CPU.Build.0 = Debug|Any CPU
		{2A71A97A-D7C7-4FE3-B13B-FAEF8A53ADB9}.Release|Any CPU.ActiveCfg = Release|Any CPU
		{2A71A97A-D7C7-4FE3-B13B-FAEF8A53ADB9}.Release|Any CPU.Build.0 = Release|Any CPU
		{672F4E60-7092-4BA5-ADA5-DBF8F0946AB1}.Debug|Any CPU.ActiveCfg = Debug|Any CPU
		{672F4E60-7092-4BA5-ADA5-DBF8F0946AB1}.Debug|Any CPU.Build.0 = Debug|Any CPU
		{672F4E60-7092-4BA5-ADA5-DBF8F0946AB1}.Release|Any CPU.ActiveCfg = Release|Any CPU
		{672F4E60-7092-4BA5-ADA5-DBF8F0946AB1}.Release|Any CPU.Build.0 = Release|Any CPU
		{4C9262C3-F9D5-494B-8D9A-75DE29151906}.Debug|Any CPU.ActiveCfg = Debug|Any CPU
		{4C9262C3-F9D5-494B-8D9A-75DE29151906}.Debug|Any CPU.Build.0 = Debug|Any CPU
		{4C9262C3-F9D5-494B-8D9A-75DE29151906}.Release|Any CPU.ActiveCfg = Release|Any CPU
		{4C9262C3-F9D5-494B-8D9A-75DE29151906}.Release|Any CPU.Build.0 = Release|Any CPU
		{EC552755-A3C8-4402-9039-53E09DC9AE6B}.Debug|Any CPU.ActiveCfg = Debug|Any CPU
		{EC552755-A3C8-4402-9039-53E09DC9AE6B}.Debug|Any CPU.Build.0 = Debug|Any CPU
		{EC552755-A3C8-4402-9039-53E09DC9AE6B}.Release|Any CPU.ActiveCfg = Release|Any CPU
		{EC552755-A3C8-4402-9039-53E09DC9AE6B}.Release|Any CPU.Build.0 = Release|Any CPU
		{F624BA52-39E4-4CBD-A2AA-9E732F48CE7C}.Debug|Any CPU.ActiveCfg = Debug|Any CPU
		{F624BA52-39E4-4CBD-A2AA-9E732F48CE7C}.Debug|Any CPU.Build.0 = Debug|Any CPU
		{F624BA52-39E4-4CBD-A2AA-9E732F48CE7C}.Release|Any CPU.ActiveCfg = Release|Any CPU
		{F624BA52-39E4-4CBD-A2AA-9E732F48CE7C}.Release|Any CPU.Build.0 = Release|Any CPU
		{68A13745-ADCE-457D-B56E-B680F7BA2418}.Debug|Any CPU.ActiveCfg = Debug|Any CPU
		{68A13745-ADCE-457D-B56E-B680F7BA2418}.Debug|Any CPU.Build.0 = Debug|Any CPU
		{68A13745-ADCE-457D-B56E-B680F7BA2418}.Release|Any CPU.ActiveCfg = Release|Any CPU
		{68A13745-ADCE-457D-B56E-B680F7BA2418}.Release|Any CPU.Build.0 = Release|Any CPU
		{5D3B5FCD-2E3A-49D3-A6EF-029673C778C0}.Debug|Any CPU.ActiveCfg = Debug|Any CPU
		{5D3B5FCD-2E3A-49D3-A6EF-029673C778C0}.Debug|Any CPU.Build.0 = Debug|Any CPU
		{5D3B5FCD-2E3A-49D3-A6EF-029673C778C0}.Release|Any CPU.ActiveCfg = Release|Any CPU
		{5D3B5FCD-2E3A-49D3-A6EF-029673C778C0}.Release|Any CPU.Build.0 = Release|Any CPU
	EndGlobalSection
	GlobalSection(SolutionProperties) = preSolution
		HideSolutionNode = FALSE
	EndGlobalSection
	GlobalSection(NestedProjects) = preSolution
		{CC722486-E162-4589-9AE0-BA3771B7EB80} = {7EA28D1A-EDBA-4023-8F56-5F9205ADD5FF}
		{7EA28D1A-EDBA-4023-8F56-5F9205ADD5FF} = {B99DBA8A-4643-41E9-B118-3FFED512EABD}
		{0F550A87-5485-47A1-B3F4-AD5A5C43800D} = {B99DBA8A-4643-41E9-B118-3FFED512EABD}
		{44284D73-E778-4A8D-B3CB-0D2A84CE6C58} = {0F550A87-5485-47A1-B3F4-AD5A5C43800D}
		{7F4CAEEE-139C-4CCE-826D-F48BEDFC84CA} = {B99DBA8A-4643-41E9-B118-3FFED512EABD}
		{CC86E3CE-B7B2-465B-9503-F3D22C0FCC0A} = {B99DBA8A-4643-41E9-B118-3FFED512EABD}
		{DB62D5CE-7278-4C0A-9899-752CF1463312} = {B99DBA8A-4643-41E9-B118-3FFED512EABD}
		{1417E6D4-E3D7-4359-A455-61F15750D2F9} = {B99DBA8A-4643-41E9-B118-3FFED512EABD}
		{C2520A7C-BD01-40D9-9BBC-22D15FE56277} = {B99DBA8A-4643-41E9-B118-3FFED512EABD}
		{7E43B529-D4E7-4611-AC5D-F1855A01C809} = {B99DBA8A-4643-41E9-B118-3FFED512EABD}
		{32FA27B2-79A0-4F4D-99EB-06270B9C83FD} = {B99DBA8A-4643-41E9-B118-3FFED512EABD}
		{2DCBA0B9-6900-4938-A5B3-42FCA4B0B736} = {B99DBA8A-4643-41E9-B118-3FFED512EABD}
		{A9DCA9C5-6344-4A59-8534-F919E329A5D1} = {B99DBA8A-4643-41E9-B118-3FFED512EABD}
		{FBEEE458-1C75-455E-97D3-3D2C2895669F} = {B99DBA8A-4643-41E9-B118-3FFED512EABD}
		{6DD5B9D5-9264-414D-B90E-740FB41ABC4E} = {B99DBA8A-4643-41E9-B118-3FFED512EABD}
		{93881F72-F75F-4A83-B1E5-3AE586FF2D0C} = {7F4CAEEE-139C-4CCE-826D-F48BEDFC84CA}
		{1B03C548-44A4-4C3E-961E-920B9B978A20} = {CC86E3CE-B7B2-465B-9503-F3D22C0FCC0A}
		{EB759F9D-E276-4D14-820E-03F33B0601DB} = {DB62D5CE-7278-4C0A-9899-752CF1463312}
		{A17AE457-A3EB-4162-A259-144EA631C254} = {1417E6D4-E3D7-4359-A455-61F15750D2F9}
		{2A71A97A-D7C7-4FE3-B13B-FAEF8A53ADB9} = {C2520A7C-BD01-40D9-9BBC-22D15FE56277}
		{672F4E60-7092-4BA5-ADA5-DBF8F0946AB1} = {7E43B529-D4E7-4611-AC5D-F1855A01C809}
		{4C9262C3-F9D5-494B-8D9A-75DE29151906} = {32FA27B2-79A0-4F4D-99EB-06270B9C83FD}
		{EC552755-A3C8-4402-9039-53E09DC9AE6B} = {2DCBA0B9-6900-4938-A5B3-42FCA4B0B736}
		{F624BA52-39E4-4CBD-A2AA-9E732F48CE7C} = {A9DCA9C5-6344-4A59-8534-F919E329A5D1}
		{68A13745-ADCE-457D-B56E-B680F7BA2418} = {FBEEE458-1C75-455E-97D3-3D2C2895669F}
		{5D3B5FCD-2E3A-49D3-A6EF-029673C778C0} = {6DD5B9D5-9264-414D-B90E-740FB41ABC4E}
	EndGlobalSection
	GlobalSection(ExtensibilityGlobals) = postSolution
		SolutionGuid = {8992A231-0BE1-4C4D-845B-B6A05CCD3C82}
	EndGlobalSection
EndGlobal
